
Microsoft Visual Studio Solution File, Format Version 12.00
# Visual Studio 15
VisualStudioVersion = 15.0.28307.106
MinimumVisualStudioVersion = 10.0.40219.1
Project("{9A19103F-16F7-4668-BE54-9A1E7A4F7556}") = "Keryhe.Messaging", "Keryhe.Messaging\Keryhe.Messaging.csproj", "{6987CBED-52D1-40BB-AC4D-FB68CE1ED97A}"
EndProject
Project("{9A19103F-16F7-4668-BE54-9A1E7A4F7556}") = "Keryhe.Messaging.RabbitMQ", "Keryhe.Messaging.RabbitMQ\Keryhe.Messaging.RabbitMQ.csproj", "{59F44BF9-2F26-4F70-AA79-0FDC5E9FE746}"
EndProject
Project("{9A19103F-16F7-4668-BE54-9A1E7A4F7556}") = "Keryhe.Messaging.Events", "Keryhe.Messaging.Events\Keryhe.Messaging.Events.csproj", "{2EE2B322-F714-4988-BE77-1522F3B6BB25}"
EndProject
Project("{9A19103F-16F7-4668-BE54-9A1E7A4F7556}") = "Keryhe.Messaging.IO", "Keryhe.Messaging.IO\Keryhe.Messaging.IO.csproj", "{E66AEEB5-74AC-4DF6-8E3F-2150DB56F6C7}"
EndProject
Global
	GlobalSection(SolutionConfigurationPlatforms) = preSolution
		Debug|Any CPU = Debug|Any CPU
		Release|Any CPU = Release|Any CPU
	EndGlobalSection
	GlobalSection(ProjectConfigurationPlatforms) = postSolution
		{6987CBED-52D1-40BB-AC4D-FB68CE1ED97A}.Debug|Any CPU.ActiveCfg = Debug|Any CPU
		{6987CBED-52D1-40BB-AC4D-FB68CE1ED97A}.Debug|Any CPU.Build.0 = Debug|Any CPU
		{6987CBED-52D1-40BB-AC4D-FB68CE1ED97A}.Release|Any CPU.ActiveCfg = Release|Any CPU
		{6987CBED-52D1-40BB-AC4D-FB68CE1ED97A}.Release|Any CPU.Build.0 = Release|Any CPU
		{59F44BF9-2F26-4F70-AA79-0FDC5E9FE746}.Debug|Any CPU.ActiveCfg = Debug|Any CPU
		{59F44BF9-2F26-4F70-AA79-0FDC5E9FE746}.Debug|Any CPU.Build.0 = Debug|Any CPU
		{59F44BF9-2F26-4F70-AA79-0FDC5E9FE746}.Release|Any CPU.ActiveCfg = Release|Any CPU
		{59F44BF9-2F26-4F70-AA79-0FDC5E9FE746}.Release|Any CPU.Build.0 = Release|Any CPU
		{2EE2B322-F714-4988-BE77-1522F3B6BB25}.Debug|Any CPU.ActiveCfg = Debug|Any CPU
		{2EE2B322-F714-4988-BE77-1522F3B6BB25}.Debug|Any CPU.Build.0 = Debug|Any CPU
		{2EE2B322-F714-4988-BE77-1522F3B6BB25}.Release|Any CPU.ActiveCfg = Release|Any CPU
		{2EE2B322-F714-4988-BE77-1522F3B6BB25}.Release|Any CPU.Build.0 = Release|Any CPU
		{E66AEEB5-74AC-4DF6-8E3F-2150DB56F6C7}.Debug|Any CPU.ActiveCfg = Debug|Any CPU
		{E66AEEB5-74AC-4DF6-8E3F-2150DB56F6C7}.Debug|Any CPU.Build.0 = Debug|Any CPU
		{E66AEEB5-74AC-4DF6-8E3F-2150DB56F6C7}.Release|Any CPU.ActiveCfg = Release|Any CPU
		{E66AEEB5-74AC-4DF6-8E3F-2150DB56F6C7}.Release|Any CPU.Build.0 = Release|Any CPU
	EndGlobalSection
	GlobalSection(SolutionProperties) = preSolution
		HideSolutionNode = FALSE
	EndGlobalSection
	GlobalSection(ExtensibilityGlobals) = postSolution
		SolutionGuid = {5924F13B-503C-483F-9A00-D408F7121199}
	EndGlobalSection
EndGlobal
